{
    "_readme": [
        "This file locks the dependencies of your project to a known state",
        "Read more about it at https://getcomposer.org/doc/01-basic-usage.md#installing-dependencies",
        "This file is @generated automatically"
    ],
    "content-hash": "99bd415a2de201b183fc4fca80d96d07",
    "packages": [
        {
            "name": "bdk/debug",
            "version": "v3.0.3",
            "source": {
                "type": "git",
                "url": "https://github.com/bkdotcom/PHPDebugConsole.git",
                "reference": "1a151560c78ae0180ff520f82daa4ad444abbb37"
            },
            "dist": {
                "type": "zip",
                "url": "https://api.github.com/repos/bkdotcom/PHPDebugConsole/zipball/1a151560c78ae0180ff520f82daa4ad444abbb37",
                "reference": "1a151560c78ae0180ff520f82daa4ad444abbb37",
                "shasum": ""
            },
            "require": {
                "php": ">=5.4.0"
            },
            "replace": {
                "bdk/backtrace": "2.1",
                "bdk/errorhandler": "3.2",
                "bdk/http-message": "1.0",
                "bdk/pubsub": "2.4",
                "psr/http-message": "1.0.1"
            },
            "require-dev": {
                "bdk/css-xpath": "dev-master",
                "bdk/wamp-publisher": "dev-master",
                "doctrine/dbal": "^2.5.0",
                "guzzlehttp/psr7": "^1.6",
                "jdorn/sql-formatter": "^1.2",
                "monolog/monolog": "^1.0",
                "php-curl-class/php-curl-class": ">=8.6",
                "phpunit/phpunit": ">=4.8.35",
                "psr/log": "^1.0 | ^2.0 | ^3.0",
                "psr/simple-cache": "^1.0",
                "slim/slim": "^2.0",
                "squizlabs/php_codesniffer": "^3.6",
                "swiftmailer/swiftmailer": "^5.0",
                "symfony/http-foundation": ">=2.8",
                "twig/twig": "^1.0"
            },
            "suggest": {
                "bdk/debug-wamp-client": "Client to display logging published via PHPDebugConsole's WAMP plugin",
                "bdk/wamp-publisher": "Publish messages to a WAMP (Web Application Messaging Protocol) router",
                "jdorn/sql-formatter": "A PHP class for formatting and highlighting SQL statements",
                "psr/log": "PSR-3 : Common interface for logging libraries"
            },
            "type": "library",
            "extra": {
                "laravel": {
                    "providers": [
                        "bdk\\Debug\\Framework\\Laravel\\ServiceProvider"
                    ]
                }
            },
            "autoload": {
                "psr-4": {
                    "bdk\\Debug\\": "src/Debug/",
                    "bdk\\PubSub\\": "src/PubSub/",
                    "bdk\\Backtrace\\": "src/Backtrace/",
                    "bdk\\Container\\": "src/Container/",
                    "bdk\\HttpMessage\\": "src/HttpMessage/",
                    "Psr\\Http\\Message\\": "src/Psr7/",
                    "bdk\\ErrorHandler\\": "src/ErrorHandler/"
                },
                "classmap": [
                    "src/Backtrace/Backtrace.php",
                    "src/Container/Container.php",
                    "src/Debug/Debug.php",
                    "src/Debug/Utility/Utility.php",
                    "src/ErrorHandler/ErrorHandler.php"
                ]
            },
            "notification-url": "https://packagist.org/downloads/",
            "license": [
                "MIT"
            ],
            "authors": [
                {
                    "name": "Brad Kent",
                    "email": "bkfake-github@yahoo.com",
                    "homepage": "http://www.bradkent.com/",
                    "role": "Developer"
                }
            ],
            "description": "Browser/javascript like console class for PHP",
            "homepage": "http://bradkent.com/php/debug",
            "keywords": [
                "ChromeLogger",
                "debug",
                "debugging",
                "errorhandler",
                "firephp",
                "inspect",
                "logger",
                "php-debugbar",
                "phpdebugconsole",
                "psr-3",
                "var_dump",
                "whoops"
            ],
            "support": {
                "docs": "http://bradkent.com/php/debug",
                "issues": "https://github.com/bkdotcom/PHPDebugConsole/issues",
                "source": "https://github.com/bkdotcom/PHPDebugConsole"
            },
            "time": "2023-01-31T15:19:49+00:00"
        },
        {
            "name": "phpmailer/phpmailer",
            "version": "v6.7.1",
            "source": {
                "type": "git",
                "url": "https://github.com/PHPMailer/PHPMailer.git",
                "reference": "49cd7ea3d2563f028d7811f06864a53b1f15ff55"
            },
            "dist": {
                "type": "zip",
                "url": "https://api.github.com/repos/PHPMailer/PHPMailer/zipball/49cd7ea3d2563f028d7811f06864a53b1f15ff55",
                "reference": "49cd7ea3d2563f028d7811f06864a53b1f15ff55",
                "shasum": ""
            },
            "require": {
                "ext-ctype": "*",
                "ext-filter": "*",
                "ext-hash": "*",
                "php": ">=5.5.0"
            },
            "require-dev": {
                "dealerdirect/phpcodesniffer-composer-installer": "^0.7.2",
                "doctrine/annotations": "^1.2.6 || ^1.13.3",
                "php-parallel-lint/php-console-highlighter": "^1.0.0",
                "php-parallel-lint/php-parallel-lint": "^1.3.2",
                "phpcompatibility/php-compatibility": "^9.3.5",
                "roave/security-advisories": "dev-latest",
                "squizlabs/php_codesniffer": "^3.7.1",
                "yoast/phpunit-polyfills": "^1.0.4"
            },
            "suggest": {
                "ext-mbstring": "Needed to send email in multibyte encoding charset or decode encoded addresses",
                "ext-openssl": "Needed for secure SMTP sending and DKIM signing",
                "greew/oauth2-azure-provider": "Needed for Microsoft Azure XOAUTH2 authentication",
                "hayageek/oauth2-yahoo": "Needed for Yahoo XOAUTH2 authentication",
                "league/oauth2-google": "Needed for Google XOAUTH2 authentication",
                "psr/log": "For optional PSR-3 debug logging",
                "symfony/polyfill-mbstring": "To support UTF-8 if the Mbstring PHP extension is not enabled (^1.2)",
                "thenetworg/oauth2-azure": "Needed for Microsoft XOAUTH2 authentication"
            },
            "type": "library",
            "autoload": {
                "psr-4": {
                    "PHPMailer\\PHPMailer\\": "src/"
                }
            },
            "notification-url": "https://packagist.org/downloads/",
            "license": [
                "LGPL-2.1-only"
            ],
            "authors": [
                {
                    "name": "Marcus Bointon",
                    "email": "phpmailer@synchromedia.co.uk"
                },
                {
                    "name": "Jim Jagielski",
                    "email": "jimjag@gmail.com"
                },
                {
                    "name": "Andy Prevost",
                    "email": "codeworxtech@users.sourceforge.net"
                },
                {
                    "name": "Brent R. Matzelle"
                }
            ],
            "description": "PHPMailer is a full-featured email creation and transfer class for PHP",
            "support": {
                "issues": "https://github.com/PHPMailer/PHPMailer/issues",
                "source": "https://github.com/PHPMailer/PHPMailer/tree/v6.7.1"
            },
            "funding": [
                {
                    "url": "https://github.com/Synchro",
                    "type": "github"
                }
            ],
            "time": "2022-12-08T13:30:06+00:00"
        },
        {
            "name": "tooltipster/tooltipster",
            "version": "4.2.8",
            "source": {
                "type": "git",
                "url": "https://github.com/iamceege/tooltipster.git",
                "reference": "0daaeffdc7da578f4048c4cf9ad2f37a474144f0"
            },
            "dist": {
                "type": "zip",
                "url": "https://api.github.com/repos/iamceege/tooltipster/zipball/0daaeffdc7da578f4048c4cf9ad2f37a474144f0",
                "reference": "0daaeffdc7da578f4048c4cf9ad2f37a474144f0",
                "shasum": ""
            },
            "suggest": {
                "components/jquery": ">=1.10"
            },
            "type": "library",
            "notification-url": "https://packagist.org/downloads/",
            "license": [
                "MIT"
            ],
            "authors": [
                {
                    "name": "Caleb Jacob",
                    "homepage": "https://plus.google.com/+CalebJacob?rel=author"
                },
                {
                    "name": "Louis Ameline",
                    "homepage": "https://github.com/louisameline"
                }
            ],
            "description": "Tooltipster is a flexible and extensible jQuery plugin for modern tooltips.",
            "homepage": "http://iamceege.github.io/tooltipster/",
            "keywords": [
                "jquery",
                "plugin",
                "replacement",
                "tooltip"
            ],
            "support": {
                "issues": "https://github.com/iamceege/tooltipster/issues",
                "source": "https://github.com/iamceege/tooltipster/tree/4.2.8"
            },
            "time": "2020-06-05T16:29:32+00:00"
        }
    ],
    "packages-dev": [],
    "aliases": [],
    "minimum-stability": "stable",
    "stability-flags": [],
    "prefer-stable": false,
    "prefer-lowest": false,
    "platform": {
        "php": ">=8.1",
        "ext-mysqli": "*",
        "ext-json": "*",
        "ext-zlib": "*"
    },
    "platform-dev": [],
    "plugin-api-version": "2.3.0"
}
